// !$*UTF8*$!
{
	archiveVersion = 1;
	classes = {
	};
	objectVersion = 50;
	objects = {

/* Begin PBXBuildFile section */
		E942E20B219D625C005891DB /* ContactPageCell.swift in Sources */ = {isa = PBXBuildFile; fileRef = E942E20A219D625C005891DB /* ContactPageCell.swift */; };
		E942E210219D6C92005891DB /* ContactsView.swift in Sources */ = {isa = PBXBuildFile; fileRef = E942E20F219D6C92005891DB /* ContactsView.swift */; };
		E98D764C219956310048FDE9 /* AppDelegate.swift in Sources */ = {isa = PBXBuildFile; fileRef = E98D764B219956310048FDE9 /* AppDelegate.swift */; };
		E98D7651219956310048FDE9 /* Main.storyboard in Resources */ = {isa = PBXBuildFile; fileRef = E98D764F219956310048FDE9 /* Main.storyboard */; };
		E98D7653219956320048FDE9 /* Assets.xcassets in Resources */ = {isa = PBXBuildFile; fileRef = E98D7652219956320048FDE9 /* Assets.xcassets */; };
		E98D7656219956320048FDE9 /* LaunchScreen.storyboard in Resources */ = {isa = PBXBuildFile; fileRef = E98D7654219956320048FDE9 /* LaunchScreen.storyboard */; };
		E98D7661219956320048FDE9 /* ContactsDemoTests.swift in Sources */ = {isa = PBXBuildFile; fileRef = E98D7660219956320048FDE9 /* ContactsDemoTests.swift */; };
		E98D766C219956320048FDE9 /* ContactsDemoUITests.swift in Sources */ = {isa = PBXBuildFile; fileRef = E98D766B219956320048FDE9 /* ContactsDemoUITests.swift */; };
		E98D767A219958D40048FDE9 /* ContactsViewController.swift in Sources */ = {isa = PBXBuildFile; fileRef = E98D7679219958D40048FDE9 /* ContactsViewController.swift */; };
		E98D767C21997C330048FDE9 /* contacts.json in Resources */ = {isa = PBXBuildFile; fileRef = E98D767B21997C330048FDE9 /* contacts.json */; };
		E98D767E21997D370048FDE9 /* Contact.swift in Sources */ = {isa = PBXBuildFile; fileRef = E98D767D21997D370048FDE9 /* Contact.swift */; };
		E98D7680219981FF0048FDE9 /* AvatarViewCell.swift in Sources */ = {isa = PBXBuildFile; fileRef = E98D767F219981FF0048FDE9 /* AvatarViewCell.swift */; };
		E9A01970219AA7EB00B21908 /* AvatarViewLayout.swift in Sources */ = {isa = PBXBuildFile; fileRef = E9A0196F219AA7EB00B21908 /* AvatarViewLayout.swift */; };
		E9A01972219ABA8900B21908 /* AvatarSliderView.swift in Sources */ = {isa = PBXBuildFile; fileRef = E9A01971219ABA8900B21908 /* AvatarSliderView.swift */; };
/* End PBXBuildFile section */

/* Begin PBXContainerItemProxy section */
		E98D765D219956320048FDE9 /* PBXContainerItemProxy */ = {
			isa = PBXContainerItemProxy;
			containerPortal = E98D7640219956310048FDE9 /* Project object */;
			proxyType = 1;
			remoteGlobalIDString = E98D7647219956310048FDE9;
			remoteInfo = ContactsDemo;
		};
		E98D7668219956320048FDE9 /* PBXContainerItemProxy */ = {
			isa = PBXContainerItemProxy;
			containerPortal = E98D7640219956310048FDE9 /* Project object */;
			proxyType = 1;
			remoteGlobalIDString = E98D7647219956310048FDE9;
			remoteInfo = ContactsDemo;
		};
/* End PBXContainerItemProxy section */

/* Begin PBXFileReference section */
		E942E20A219D625C005891DB /* ContactPageCell.swift */ = {isa = PBXFileReference; lastKnownFileType = sourcecode.swift; path = ContactPageCell.swift; sourceTree = "<group>"; };
		E942E20F219D6C92005891DB /* ContactsView.swift */ = {isa = PBXFileReference; lastKnownFileType = sourcecode.swift; path = ContactsView.swift; sourceTree = "<group>"; };
		E98D7648219956310048FDE9 /* ContactsDemo.app */ = {isa = PBXFileReference; explicitFileType = wrapper.application; includeInIndex = 0; path = ContactsDemo.app; sourceTree = BUILT_PRODUCTS_DIR; };
		E98D764B219956310048FDE9 /* AppDelegate.swift */ = {isa = PBXFileReference; lastKnownFileType = sourcecode.swift; path = AppDelegate.swift; sourceTree = "<group>"; };
		E98D7650219956310048FDE9 /* Base */ = {isa = PBXFileReference; lastKnownFileType = file.storyboard; name = Base; path = Base.lproj/Main.storyboard; sourceTree = "<group>"; };
		E98D7652219956320048FDE9 /* Assets.xcassets */ = {isa = PBXFileReference; lastKnownFileType = folder.assetcatalog; path = Assets.xcassets; sourceTree = "<group>"; };
		E98D7655219956320048FDE9 /* Base */ = {isa = PBXFileReference; lastKnownFileType = file.storyboard; name = Base; path = Base.lproj/LaunchScreen.storyboard; sourceTree = "<group>"; };
		E98D7657219956320048FDE9 /* Info.plist */ = {isa = PBXFileReference; lastKnownFileType = text.plist.xml; path = Info.plist; sourceTree = "<group>"; };
		E98D765C219956320048FDE9 /* ContactsDemoTests.xctest */ = {isa = PBXFileReference; explicitFileType = wrapper.cfbundle; includeInIndex = 0; path = ContactsDemoTests.xctest; sourceTree = BUILT_PRODUCTS_DIR; };
		E98D7660219956320048FDE9 /* ContactsDemoTests.swift */ = {isa = PBXFileReference; lastKnownFileType = sourcecode.swift; path = ContactsDemoTests.swift; sourceTree = "<group>"; };
		E98D7662219956320048FDE9 /* Info.plist */ = {isa = PBXFileReference; lastKnownFileType = text.plist.xml; path = Info.plist; sourceTree = "<group>"; };
		E98D7667219956320048FDE9 /* ContactsDemoUITests.xctest */ = {isa = PBXFileReference; explicitFileType = wrapper.cfbundle; includeInIndex = 0; path = ContactsDemoUITests.xctest; sourceTree = BUILT_PRODUCTS_DIR; };
		E98D766B219956320048FDE9 /* ContactsDemoUITests.swift */ = {isa = PBXFileReference; lastKnownFileType = sourcecode.swift; path = ContactsDemoUITests.swift; sourceTree = "<group>"; };
		E98D766D219956320048FDE9 /* Info.plist */ = {isa = PBXFileReference; lastKnownFileType = text.plist.xml; path = Info.plist; sourceTree = "<group>"; };
		E98D7679219958D40048FDE9 /* ContactsViewController.swift */ = {isa = PBXFileReference; lastKnownFileType = sourcecode.swift; path = ContactsViewController.swift; sourceTree = "<group>"; };
		E98D767B21997C330048FDE9 /* contacts.json */ = {isa = PBXFileReference; fileEncoding = 4; lastKnownFileType = text.json; path = contacts.json; sourceTree = "<group>"; };
		E98D767D21997D370048FDE9 /* Contact.swift */ = {isa = PBXFileReference; lastKnownFileType = sourcecode.swift; path = Contact.swift; sourceTree = "<group>"; };
		E98D767F219981FF0048FDE9 /* AvatarViewCell.swift */ = {isa = PBXFileReference; lastKnownFileType = sourcecode.swift; path = AvatarViewCell.swift; sourceTree = "<group>"; };
		E9A0196F219AA7EB00B21908 /* AvatarViewLayout.swift */ = {isa = PBXFileReference; lastKnownFileType = sourcecode.swift; path = AvatarViewLayout.swift; sourceTree = "<group>"; };
		E9A01971219ABA8900B21908 /* AvatarSliderView.swift */ = {isa = PBXFileReference; lastKnownFileType = sourcecode.swift; path = AvatarSliderView.swift; sourceTree = "<group>"; };
/* End PBXFileReference section */

/* Begin PBXFrameworksBuildPhase section */
		E98D7645219956310048FDE9 /* Frameworks */ = {
			isa = PBXFrameworksBuildPhase;
			buildActionMask = 2147483647;
			files = (
			);
			runOnlyForDeploymentPostprocessing = 0;
		};
		E98D7659219956320048FDE9 /* Frameworks */ = {
			isa = PBXFrameworksBuildPhase;
			buildActionMask = 2147483647;
			files = (
			);
			runOnlyForDeploymentPostprocessing = 0;
		};
		E98D7664219956320048FDE9 /* Frameworks */ = {
			isa = PBXFrameworksBuildPhase;
			buildActionMask = 2147483647;
			files = (
			);
			runOnlyForDeploymentPostprocessing = 0;
		};
/* End PBXFrameworksBuildPhase section */

/* Begin PBXGroup section */
		E942E20C219D6279005891DB /* Controller */ = {
			isa = PBXGroup;
			children = (
				E98D7679219958D40048FDE9 /* ContactsViewController.swift */,
			);
			path = Controller;
			sourceTree = "<group>";
		};
		E942E20D219D6283005891DB /* View */ = {
			isa = PBXGroup;
			children = (
				E98D767F219981FF0048FDE9 /* AvatarViewCell.swift */,
				E9A0196F219AA7EB00B21908 /* AvatarViewLayout.swift */,
				E9A01971219ABA8900B21908 /* AvatarSliderView.swift */,
				E942E20A219D625C005891DB /* ContactPageCell.swift */,
				E942E20F219D6C92005891DB /* ContactsView.swift */,
			);
			path = View;
			sourceTree = "<group>";
		};
		E942E20E219D6290005891DB /* Model */ = {
			isa = PBXGroup;
			children = (
				E98D767D21997D370048FDE9 /* Contact.swift */,
			);
			path = Model;
			sourceTree = "<group>";
		};
		E98D763F219956310048FDE9 = {
			isa = PBXGroup;
			children = (
				E98D764A219956310048FDE9 /* ContactsDemo */,
				E98D765F219956320048FDE9 /* ContactsDemoTests */,
				E98D766A219956320048FDE9 /* ContactsDemoUITests */,
				E98D7649219956310048FDE9 /* Products */,
			);
			sourceTree = "<group>";
		};
		E98D7649219956310048FDE9 /* Products */ = {
			isa = PBXGroup;
			children = (
				E98D7648219956310048FDE9 /* ContactsDemo.app */,
				E98D765C219956320048FDE9 /* ContactsDemoTests.xctest */,
				E98D7667219956320048FDE9 /* ContactsDemoUITests.xctest */,
			);
			name = Products;
			sourceTree = "<group>";
		};
		E98D764A219956310048FDE9 /* ContactsDemo */ = {
			isa = PBXGroup;
			children = (
				E942E20E219D6290005891DB /* Model */,
				E942E20D219D6283005891DB /* View */,
				E942E20C219D6279005891DB /* Controller */,
				E98D764B219956310048FDE9 /* AppDelegate.swift */,
				E98D764F219956310048FDE9 /* Main.storyboard */,
				E98D7652219956320048FDE9 /* Assets.xcassets */,
				E98D7654219956320048FDE9 /* LaunchScreen.storyboard */,
				E98D7657219956320048FDE9 /* Info.plist */,
				E98D767B21997C330048FDE9 /* contacts.json */,
			);
			path = ContactsDemo;
			sourceTree = "<group>";
		};
		E98D765F219956320048FDE9 /* ContactsDemoTests */ = {
			isa = PBXGroup;
			children = (
				E98D7660219956320048FDE9 /* ContactsDemoTests.swift */,
				E98D7662219956320048FDE9 /* Info.plist */,
			);
			path = ContactsDemoTests;
			sourceTree = "<group>";
		};
		E98D766A219956320048FDE9 /* ContactsDemoUITests */ = {
			isa = PBXGroup;
			children = (
				E98D766B219956320048FDE9 /* ContactsDemoUITests.swift */,
				E98D766D219956320048FDE9 /* Info.plist */,
			);
			path = ContactsDemoUITests;
			sourceTree = "<group>";
		};
/* End PBXGroup section */

/* Begin PBXNativeTarget section */
		E98D7647219956310048FDE9 /* ContactsDemo */ = {
			isa = PBXNativeTarget;
			buildConfigurationList = E98D7670219956320048FDE9 /* Build configuration list for PBXNativeTarget "ContactsDemo" */;
			buildPhases = (
				E98D7644219956310048FDE9 /* Sources */,
				E98D7645219956310048FDE9 /* Frameworks */,
				E98D7646219956310048FDE9 /* Resources */,
			);
			buildRules = (
			);
			dependencies = (
			);
			name = ContactsDemo;
			productName = ContactsDemo;
			productReference = E98D7648219956310048FDE9 /* ContactsDemo.app */;
			productType = "com.apple.product-type.application";
		};
		E98D765B219956320048FDE9 /* ContactsDemoTests */ = {
			isa = PBXNativeTarget;
			buildConfigurationList = E98D7673219956320048FDE9 /* Build configuration list for PBXNativeTarget "ContactsDemoTests" */;
			buildPhases = (
				E98D7658219956320048FDE9 /* Sources */,
				E98D7659219956320048FDE9 /* Frameworks */,
				E98D765A219956320048FDE9 /* Resources */,
			);
			buildRules = (
			);
			dependencies = (
				E98D765E219956320048FDE9 /* PBXTargetDependency */,
			);
			name = ContactsDemoTests;
			productName = ContactsDemoTests;
			productReference = E98D765C219956320048FDE9 /* ContactsDemoTests.xctest */;
			productType = "com.apple.product-type.bundle.unit-test";
		};
		E98D7666219956320048FDE9 /* ContactsDemoUITests */ = {
			isa = PBXNativeTarget;
			buildConfigurationList = E98D7676219956320048FDE9 /* Build configuration list for PBXNativeTarget "ContactsDemoUITests" */;
			buildPhases = (
				E98D7663219956320048FDE9 /* Sources */,
				E98D7664219956320048FDE9 /* Frameworks */,
				E98D7665219956320048FDE9 /* Resources */,
			);
			buildRules = (
			);
			dependencies = (
				E98D7669219956320048FDE9 /* PBXTargetDependency */,
			);
			name = ContactsDemoUITests;
			productName = ContactsDemoUITests;
			productReference = E98D7667219956320048FDE9 /* ContactsDemoUITests.xctest */;
			productType = "com.apple.product-type.bundle.ui-testing";
		};
/* End PBXNativeTarget section */

/* Begin PBXProject section */
		E98D7640219956310048FDE9 /* Project object */ = {
			isa = PBXProject;
			attributes = {
				LastSwiftUpdateCheck = 1010;
				LastUpgradeCheck = 1010;
				ORGANIZATIONNAME = github;
				TargetAttributes = {
					E98D7647219956310048FDE9 = {
						CreatedOnToolsVersion = 10.1;
					};
					E98D765B219956320048FDE9 = {
						CreatedOnToolsVersion = 10.1;
						TestTargetID = E98D7647219956310048FDE9;
					};
					E98D7666219956320048FDE9 = {
						CreatedOnToolsVersion = 10.1;
						TestTargetID = E98D7647219956310048FDE9;
					};
				};
			};
			buildConfigurationList = E98D7643219956310048FDE9 /* Build configuration list for PBXProject "ContactsDemo" */;
			compatibilityVersion = "Xcode 9.3";
			developmentRegion = en;
			hasScannedForEncodings = 0;
			knownRegions = (
				en,
				Base,
			);
			mainGroup = E98D763F219956310048FDE9;
			productRefGroup = E98D7649219956310048FDE9 /* Products */;
			projectDirPath = "";
			projectRoot = "";
			targets = (
				E98D7647219956310048FDE9 /* ContactsDemo */,
				E98D765B219956320048FDE9 /* ContactsDemoTests */,
				E98D7666219956320048FDE9 /* ContactsDemoUITests */,
			);
		};
/* End PBXProject section */

/* Begin PBXResourcesBuildPhase section */
		E98D7646219956310048FDE9 /* Resources */ = {
			isa = PBXResourcesBuildPhase;
			buildActionMask = 2147483647;
			files = (
				E98D767C21997C330048FDE9 /* contacts.json in Resources */,
				E98D7656219956320048FDE9 /* LaunchScreen.storyboard in Resources */,
				E98D7653219956320048FDE9 /* Assets.xcassets in Resources */,
				E98D7651219956310048FDE9 /* Main.storyboard in Resources */,
			);
			runOnlyForDeploymentPostprocessing = 0;
		};
		E98D765A219956320048FDE9 /* Resources */ = {
			isa = PBXResourcesBuildPhase;
			buildActionMask = 2147483647;
			files = (
			);
			runOnlyForDeploymentPostprocessing = 0;
		};
		E98D7665219956320048FDE9 /* Resources */ = {
			isa = PBXResourcesBuildPhase;
			buildActionMask = 2147483647;
			files = (
			);
			runOnlyForDeploymentPostprocessing = 0;
		};
/* End PBXResourcesBuildPhase section */

/* Begin PBXSourcesBuildPhase section */
		E98D7644219956310048FDE9 /* Sources */ = {
			isa = PBXSourcesBuildPhase;
			buildActionMask = 2147483647;
			files = (
				E98D767E21997D370048FDE9 /* Contact.swift in Sources */,
				E9A01970219AA7EB00B21908 /* AvatarViewLayout.swift in Sources */,
				E98D7680219981FF0048FDE9 /* AvatarViewCell.swift in Sources */,
				E98D764C219956310048FDE9 /* AppDelegate.swift in Sources */,
				E942E20B219D625C005891DB /* ContactPageCell.swift in Sources */,
				E9A01972219ABA8900B21908 /* AvatarSliderView.swift in Sources */,
				E98D767A219958D40048FDE9 /* ContactsViewController.swift in Sources */,
				E942E210219D6C92005891DB /* ContactsView.swift in Sources */,
			);
			runOnlyForDeploymentPostprocessing = 0;
		};
		E98D7658219956320048FDE9 /* Sources */ = {
			isa = PBXSourcesBuildPhase;
			buildActionMask = 2147483647;
			files = (
				E98D7661219956320048FDE9 /* ContactsDemoTests.swift in Sources */,
			);
			runOnlyForDeploymentPostprocessing = 0;
		};
		E98D7663219956320048FDE9 /* Sources */ = {
			isa = PBXSourcesBuildPhase;
			buildActionMask = 2147483647;
			files = (
				E98D766C219956320048FDE9 /* ContactsDemoUITests.swift in Sources */,
			);
			runOnlyForDeploymentPostprocessing = 0;
		};
/* End PBXSourcesBuildPhase section */

/* Begin PBXTargetDependency section */
		E98D765E219956320048FDE9 /* PBXTargetDependency */ = {
			isa = PBXTargetDependency;
			target = E98D7647219956310048FDE9 /* ContactsDemo */;
			targetProxy = E98D765D219956320048FDE9 /* PBXContainerItemProxy */;
		};
		E98D7669219956320048FDE9 /* PBXTargetDependency */ = {
			isa = PBXTargetDependency;
			target = E98D7647219956310048FDE9 /* ContactsDemo */;
			targetProxy = E98D7668219956320048FDE9 /* PBXContainerItemProxy */;
		};
/* End PBXTargetDependency section */

/* Begin PBXVariantGroup section */
		E98D764F219956310048FDE9 /* Main.storyboard */ = {
			isa = PBXVariantGroup;
			children = (
				E98D7650219956310048FDE9 /* Base */,
			);
			name = Main.storyboard;
			sourceTree = "<group>";
		};
		E98D7654219956320048FDE9 /* LaunchScreen.storyboard */ = {
			isa = PBXVariantGroup;
			children = (
				E98D7655219956320048FDE9 /* Base */,
			);
			name = LaunchScreen.storyboard;
			sourceTree = "<group>";
		};
/* End PBXVariantGroup section */

/* Begin XCBuildConfiguration section */
		E98D766E219956320048FDE9 /* Debug */ = {
			isa = XCBuildConfiguration;
			buildSettings = {
				ALWAYS_SEARCH_USER_PATHS = NO;
				CLANG_ANALYZER_NONNULL = YES;
				CLANG_ANALYZER_NUMBER_OBJECT_CONVERSION = YES_AGGRESSIVE;
				CLANG_CXX_LANGUAGE_STANDARD = "gnu++14";
				CLANG_CXX_LIBRARY = "libc++";
				CLANG_ENABLE_MODULES = YES;
				CLANG_ENABLE_OBJC_ARC = YES;
				CLANG_ENABLE_OBJC_WEAK = YES;
				CLANG_WARN_BLOCK_CAPTURE_AUTORELEASING = YES;
				CLANG_WARN_BOOL_CONVERSION = YES;
				CLANG_WARN_COMMA = YES;
				CLANG_WARN_CONSTANT_CONVERSION = YES;
				CLANG_WARN_DEPRECATED_OBJC_IMPLEMENTATIONS = YES;
				CLANG_WARN_DIRECT_OBJC_ISA_USAGE = YES_ERROR;
				CLANG_WARN_DOCUMENTATION_COMMENTS = YES;
				CLANG_WARN_EMPTY_BODY = YES;
				CLANG_WARN_ENUM_CONVERSION = YES;
				CLANG_WARN_INFINITE_RECURSION = YES;
				CLANG_WARN_INT_CONVERSION = YES;
				CLANG_WARN_NON_LITERAL_NULL_CONVERSION = YES;
				CLANG_WARN_OBJC_IMPLICIT_RETAIN_SELF = YES;
				CLANG_WARN_OBJC_LITERAL_CONVERSION = YES;
				CLANG_WARN_OBJC_ROOT_CLASS = YES_ERROR;
				CLANG_WARN_RANGE_LOOP_ANALYSIS = YES;
				CLANG_WARN_STRICT_PROTOTYPES = YES;
				CLANG_WARN_SUSPICIOUS_MOVE = YES;
				CLANG_WARN_UNGUARDED_AVAILABILITY = YES_AGGRESSIVE;
				CLANG_WARN_UNREACHABLE_CODE = YES;
				CLANG_WARN__DUPLICATE_METHOD_MATCH = YES;
				CODE_SIGN_IDENTITY = "iPhone Developer";
				COPY_PHASE_STRIP = NO;
				DEBUG_INFORMATION_FORMAT = dwarf;
				ENABLE_STRICT_OBJC_MSGSEND = YES;
				ENABLE_TESTABILITY = YES;
				GCC_C_LANGUAGE_STANDARD = gnu11;
				GCC_DYNAMIC_NO_PIC = NO;
				GCC_NO_COMMON_BLOCKS = YES;
				GCC_OPTIMIZATION_LEVEL = 0;
				GCC_PREPROCESSOR_DEFINITIONS = (
					"DEBUG=1",
					"$(inherited)",
				);
				GCC_WARN_64_TO_32_BIT_CONVERSION = YES;
				GCC_WARN_ABOUT_RETURN_TYPE = YES_ERROR;
				GCC_WARN_UNDECLARED_SELECTOR = YES;
				GCC_WARN_UNINITIALIZED_AUTOS = YES_AGGRESSIVE;
				GCC_WARN_UNUSED_FUNCTION = YES;
				GCC_WARN_UNUSED_VARIABLE = YES;
				IPHONEOS_DEPLOYMENT_TARGET = 12.1;
				MTL_ENABLE_DEBUG_INFO = INCLUDE_SOURCE;
				MTL_FAST_MATH = YES;
				ONLY_ACTIVE_ARCH = YES;
				SDKROOT = iphoneos;
				SWIFT_ACTIVE_COMPILATION_CONDITIONS = DEBUG;
				SWIFT_OPTIMIZATION_LEVEL = "-Onone";
			};
			name = Debug;
		};
		E98D766F219956320048FDE9 /* Release */ = {
			isa = XCBuildConfiguration;
			buildSettings = {
				ALWAYS_SEARCH_USER_PATHS = NO;
				CLANG_ANALYZER_NONNULL = YES;
				CLANG_ANALYZER_NUMBER_OBJECT_CONVERSION = YES_AGGRESSIVE;
				CLANG_CXX_LANGUAGE_STANDARD = "gnu++14";
				CLANG_CXX_LIBRARY = "libc++";
				CLANG_ENABLE_MODULES = YES;
				CLANG_ENABLE_OBJC_ARC = YES;
				CLANG_ENABLE_OBJC_WEAK = YES;
				CLANG_WARN_BLOCK_CAPTURE_AUTORELEASING = YES;
				CLANG_WARN_BOOL_CONVERSION = YES;
				CLANG_WARN_COMMA = YES;
				CLANG_WARN_CONSTANT_CONVERSION = YES;
				CLANG_WARN_DEPRECATED_OBJC_IMPLEMENTATIONS = YES;
				CLANG_WARN_DIRECT_OBJC_ISA_USAGE = YES_ERROR;
				CLANG_WARN_DOCUMENTATION_COMMENTS = YES;
				CLANG_WARN_EMPTY_BODY = YES;
				CLANG_WARN_ENUM_CONVERSION = YES;
				CLANG_WARN_INFINITE_RECURSION = YES;
				CLANG_WARN_INT_CONVERSION = YES;
				CLANG_WARN_NON_LITERAL_NULL_CONVERSION = YES;
				CLANG_WARN_OBJC_IMPLICIT_RETAIN_SELF = YES;
				CLANG_WARN_OBJC_LITERAL_CONVERSION = YES;
				CLANG_WARN_OBJC_ROOT_CLASS = YES_ERROR;
				CLANG_WARN_RANGE_LOOP_ANALYSIS = YES;
				CLANG_WARN_STRICT_PROTOTYPES = YES;
				CLANG_WARN_SUSPICIOUS_MOVE = YES;
				CLANG_WARN_UNGUARDED_AVAILABILITY = YES_AGGRESSIVE;
				CLANG_WARN_UNREACHABLE_CODE = YES;
				CLANG_WARN__DUPLICATE_METHOD_MATCH = YES;
				CODE_SIGN_IDENTITY = "iPhone Developer";
				COPY_PHASE_STRIP = NO;
				DEBUG_INFORMATION_FORMAT = "dwarf-with-dsym";
				ENABLE_NS_ASSERTIONS = NO;
				ENABLE_STRICT_OBJC_MSGSEND = YES;
				GCC_C_LANGUAGE_STANDARD = gnu11;
				GCC_NO_COMMON_BLOCKS = YES;
				GCC_WARN_64_TO_32_BIT_CONVERSION = YES;
				GCC_WARN_ABOUT_RETURN_TYPE = YES_ERROR;
				GCC_WARN_UNDECLARED_SELECTOR = YES;
				GCC_WARN_UNINITIALIZED_AUTOS = YES_AGGRESSIVE;
				GCC_WARN_UNUSED_FUNCTION = YES;
				GCC_WARN_UNUSED_VARIABLE = YES;
				IPHONEOS_DEPLOYMENT_TARGET = 12.1;
				MTL_ENABLE_DEBUG_INFO = NO;
				MTL_FAST_MATH = YES;
				SDKROOT = iphoneos;
				SWIFT_COMPILATION_MODE = wholemodule;
				SWIFT_OPTIMIZATION_LEVEL = "-O";
				VALIDATE_PRODUCT = YES;
			};
			name = Release;
		};
		E98D7671219956320048FDE9 /* Debug */ = {
			isa = XCBuildConfiguration;
			buildSettings = {
				ASSETCATALOG_COMPILER_APPICON_NAME = AppIcon;
				CODE_SIGN_STYLE = Automatic;
				INFOPLIST_FILE = ContactsDemo/Info.plist;
				LD_RUNPATH_SEARCH_PATHS = (
					"$(inherited)",
					"@executable_path/Frameworks",
				);
				PRODUCT_BUNDLE_IDENTIFIER = com.github.ContactsDemo;
				PRODUCT_NAME = "$(TARGET_NAME)";
				SWIFT_VERSION = 4.2;
				TARGETED_DEVICE_FAMILY = "1,2";
			};
			name = Debug;
		};
		E98D7672219956320048FDE9 /* Release */ = {
			isa = XCBuildConfiguration;
			buildSettings = {
				ASSETCATALOG_COMPILER_APPICON_NAME = AppIcon;
				CODE_SIGN_STYLE = Automatic;
				INFOPLIST_FILE = ContactsDemo/Info.plist;
				LD_RUNPATH_SEARCH_PATHS = (
					"$(inherited)",
					"@executable_path/Frameworks",
				);
				PRODUCT_BUNDLE_IDENTIFIER = com.github.ContactsDemo;
				PRODUCT_NAME = "$(TARGET_NAME)";
				SWIFT_VERSION = 4.2;
				TARGETED_DEVICE_FAMILY = "1,2";
			};
			name = Release;
		};
		E98D7674219956320048FDE9 /* Debug */ = {
			isa = XCBuildConfiguration;
			buildSettings = {
				ALWAYS_EMBED_SWIFT_STANDARD_LIBRARIES = YES;
				BUNDLE_LOADER = "$(TEST_HOST)";
				CODE_SIGN_STYLE = Automatic;
				INFOPLIST_FILE = ContactsDemoTests/Info.plist;
				LD_RUNPATH_SEARCH_PATHS = (
					"$(inherited)",
					"@executable_path/Frameworks",
					"@loader_path/Frameworks",
				);
				PRODUCT_BUNDLE_IDENTIFIER = com.github.ContactsDemoTests;
				PRODUCT_NAME = "$(TARGET_NAME)";
				SWIFT_VERSION = 4.2;
				TARGETED_DEVICE_FAMILY = "1,2";
				TEST_HOST = "$(BUILT_PRODUCTS_DIR)/ContactsDemo.app/ContactsDemo";
			};
			name = Debug;
		};
		E98D7675219956320048FDE9 /* Release */ = {
			isa = XCBuildConfiguration;
			buildSettings = {
				ALWAYS_EMBED_SWIFT_STANDARD_LIBRARIES = YES;
				BUNDLE_LOADER = "$(TEST_HOST)";
				CODE_SIGN_STYLE = Automatic;
				INFOPLIST_FILE = ContactsDemoTests/Info.plist;
				LD_RUNPATH_SEARCH_PATHS = (
					"$(inherited)",
					"@executable_path/Frameworks",
					"@loader_path/Frameworks",
				);
				PRODUCT_BUNDLE_IDENTIFIER = com.github.ContactsDemoTests;
				PRODUCT_NAME = "$(TARGET_NAME)";
				SWIFT_VERSION = 4.2;
				TARGETED_DEVICE_FAMILY = "1,2";
				TEST_HOST = "$(BUILT_PRODUCTS_DIR)/ContactsDemo.app/ContactsDemo";
			};
			name = Release;
		};
		E98D7677219956320048FDE9 /* Debug */ = {
			isa = XCBuildConfiguration;
			buildSettings = {
				ALWAYS_EMBED_SWIFT_STANDARD_LIBRARIES = YES;
				CODE_SIGN_STYLE = Automatic;
				INFOPLIST_FILE = ContactsDemoUITests/Info.plist;
				LD_RUNPATH_SEARCH_PATHS = (
					"$(inherited)",
					"@executable_path/Frameworks",
					"@loader_path/Frameworks",
				);
				PRODUCT_BUNDLE_IDENTIFIER = com.github.ContactsDemoUITests;
				PRODUCT_NAME = "$(TARGET_NAME)";
				SWIFT_VERSION = 4.2;
				TARGETED_DEVICE_FAMILY = "1,2";
				TEST_TARGET_NAME = ContactsDemo;
			};
			name = Debug;
		};
		E98D7678219956320048FDE9 /* Release */ = {
			isa = XCBuildConfiguration;
			buildSettings = {
				ALWAYS_EMBED_SWIFT_STANDARD_LIBRARIES = YES;
				CODE_SIGN_STYLE = Automatic;
				INFOPLIST_FILE = ContactsDemoUITests/Info.plist;
				LD_RUNPATH_SEARCH_PATHS = (
					"$(inherited)",
					"@executable_path/Frameworks",
					"@loader_path/Frameworks",
				);
				PRODUCT_BUNDLE_IDENTIFIER = com.github.ContactsDemoUITests;
				PRODUCT_NAME = "$(TARGET_NAME)";
				SWIFT_VERSION = 4.2;
				TARGETED_DEVICE_FAMILY = "1,2";
				TEST_TARGET_NAME = ContactsDemo;
			};
			name = Release;
		};
/* End XCBuildConfiguration section */

/* Begin XCConfigurationList section */
		E98D7643219956310048FDE9 /* Build configuration list for PBXProject "ContactsDemo" */ = {
			isa = XCConfigurationList;
			buildConfigurations = (
				E98D766E219956320048FDE9 /* Debug */,
				E98D766F219956320048FDE9 /* Release */,
			);
			defaultConfigurationIsVisible = 0;
			defaultConfigurationName = Release;
		};
		E98D7670219956320048FDE9 /* Build configuration list for PBXNativeTarget "ContactsDemo" */ = {
			isa = XCConfigurationList;
			buildConfigurations = (
				E98D7671219956320048FDE9 /* Debug */,
				E98D7672219956320048FDE9 /* Release */,
			);
			defaultConfigurationIsVisible = 0;
			defaultConfigurationName = Release;
		};
		E98D7673219956320048FDE9 /* Build configuration list for PBXNativeTarget "ContactsDemoTests" */ = {
			isa = XCConfigurationList;
			buildConfigurations = (
				E98D7674219956320048FDE9 /* Debug */,
				E98D7675219956320048FDE9 /* Release */,
			);
			defaultConfigurationIsVisible = 0;
			defaultConfigurationName = Release;
		};
		E98D7676219956320048FDE9 /* Build configuration list for PBXNativeTarget "ContactsDemoUITests" */ = {
			isa = XCConfigurationList;
			buildConfigurations = (
				E98D7677219956320048FDE9 /* Debug */,
				E98D7678219956320048FDE9 /* Release */,
			);
			defaultConfigurationIsVisible = 0;
			defaultConfigurationName = Release;
		};
/* End XCConfigurationList section */
	};
	rootObject = E98D7640219956310048FDE9 /* Project object */;
}
